
Microsoft Visual Studio Solution File, Format Version 12.00
# Visual Studio Version 17
VisualStudioVersion = 17.11.35312.102
MinimumVisualStudioVersion = 10.0.40219.1
Project("{2150E333-8FDC-42A3-9474-1A3956D46DE8}") = "Task0", "Task0", "{18D77D45-D004-4EF1-86EE-0194720BE741}"
EndProject
Project("{9A19103F-16F7-4668-BE54-9A1E7A4F7556}") = "Tyuiu.MolchankinaAP.Sprint1.Task0.V26", "Tyuiu.MolchankinaAP.Sprint1.Task0.V26\Tyuiu.MolchankinaAP.Sprint1.Task0.V26.csproj", "{1745D0B4-A59E-43F9-8088-FB67625512B9}"
EndProject
Project("{9A19103F-16F7-4668-BE54-9A1E7A4F7556}") = "Tyuiu.MolchankinaAP.Sprint1.Task0.V26.Lib", "Tyuiu.MolchankinaAP.Sprint1.Task0.V26.Lib\Tyuiu.MolchankinaAP.Sprint1.Task0.V26.Lib.csproj", "{CEE0387E-AC97-4DB3-B1B2-240BEE7B5E61}"
EndProject
Project("{9A19103F-16F7-4668-BE54-9A1E7A4F7556}") = "Tyuiu.MolchankinaAP.Sprint1.Task0.V26.Test", "Tyuiu.MolchankinaAP.Sprint1.Task0.V26.Test\Tyuiu.MolchankinaAP.Sprint1.Task0.V26.Test.csproj", "{C20DEA69-F865-4FED-84A6-3576707D22D1}"
EndProject
Project("{2150E333-8FDC-42A3-9474-1A3956D46DE8}") = "Task1", "Task1", "{9BA47E18-7F85-4F4F-8AB8-0FFD30984B4C}"
EndProject
Project("{FAE04EC0-301F-11D3-BF4B-00C04F79EFBC}") = "Tyuiu.MolchankinaAP.Sprint1.Task1.V15", "Tyuiu.MolchankinaAP.Sprint1.Task1.V15\Tyuiu.MolchankinaAP.Sprint1.Task1.V15.csproj", "{2DFDA115-2EE7-4F4D-BDC8-D8C4720D4299}"
EndProject
Project("{FAE04EC0-301F-11D3-BF4B-00C04F79EFBC}") = "Tyuiu.MolchankinaAP.Sprint1.Task1.V15.Lib", "Tyuiu.MolchankinaAP.Sprint1.Task1.V15.Lib\Tyuiu.MolchankinaAP.Sprint1.Task1.V15.Lib.csproj", "{057BE3FE-1B9F-44D2-8DA3-B6EFED826008}"
EndProject
Project("{FAE04EC0-301F-11D3-BF4B-00C04F79EFBC}") = "Tyuiu.MolchankinaAP.Sprint1.Task1.V15.Test", "Tyuiu.MolchankinaAP.Sprint1.Task1.V15.Test\Tyuiu.MolchankinaAP.Sprint1.Task1.V15.Test.csproj", "{4939F8A0-D0E4-43F5-A0A8-67A89EEF1306}"
EndProject
Global
	GlobalSection(SolutionConfigurationPlatforms) = preSolution
		Debug|Any CPU = Debug|Any CPU
		Release|Any CPU = Release|Any CPU
	EndGlobalSection
	GlobalSection(ProjectConfigurationPlatforms) = postSolution
		{1745D0B4-A59E-43F9-8088-FB67625512B9}.Debug|Any CPU.ActiveCfg = Debug|Any CPU
		{1745D0B4-A59E-43F9-8088-FB67625512B9}.Debug|Any CPU.Build.0 = Debug|Any CPU
		{1745D0B4-A59E-43F9-8088-FB67625512B9}.Release|Any CPU.ActiveCfg = Release|Any CPU
		{1745D0B4-A59E-43F9-8088-FB67625512B9}.Release|Any CPU.Build.0 = Release|Any CPU
		{CEE0387E-AC97-4DB3-B1B2-240BEE7B5E61}.Debug|Any CPU.ActiveCfg = Debug|Any CPU
		{CEE0387E-AC97-4DB3-B1B2-240BEE7B5E61}.Debug|Any CPU.Build.0 = Debug|Any CPU
		{CEE0387E-AC97-4DB3-B1B2-240BEE7B5E61}.Release|Any CPU.ActiveCfg = Release|Any CPU
		{CEE0387E-AC97-4DB3-B1B2-240BEE7B5E61}.Release|Any CPU.Build.0 = Release|Any CPU
		{C20DEA69-F865-4FED-84A6-3576707D22D1}.Debug|Any CPU.ActiveCfg = Debug|Any CPU
		{C20DEA69-F865-4FED-84A6-3576707D22D1}.Debug|Any CPU.Build.0 = Debug|Any CPU
		{C20DEA69-F865-4FED-84A6-3576707D22D1}.Release|Any CPU.ActiveCfg = Release|Any CPU
		{C20DEA69-F865-4FED-84A6-3576707D22D1}.Release|Any CPU.Build.0 = Release|Any CPU
		{2DFDA115-2EE7-4F4D-BDC8-D8C4720D4299}.Debug|Any CPU.ActiveCfg = Debug|Any CPU
		{2DFDA115-2EE7-4F4D-BDC8-D8C4720D4299}.Debug|Any CPU.Build.0 = Debug|Any CPU
		{2DFDA115-2EE7-4F4D-BDC8-D8C4720D4299}.Release|Any CPU.ActiveCfg = Release|Any CPU
		{2DFDA115-2EE7-4F4D-BDC8-D8C4720D4299}.Release|Any CPU.Build.0 = Release|Any CPU
		{057BE3FE-1B9F-44D2-8DA3-B6EFED826008}.Debug|Any CPU.ActiveCfg = Debug|Any CPU
		{057BE3FE-1B9F-44D2-8DA3-B6EFED826008}.Debug|Any CPU.Build.0 = Debug|Any CPU
		{057BE3FE-1B9F-44D2-8DA3-B6EFED826008}.Release|Any CPU.ActiveCfg = Release|Any CPU
		{057BE3FE-1B9F-44D2-8DA3-B6EFED826008}.Release|Any CPU.Build.0 = Release|Any CPU
		{4939F8A0-D0E4-43F5-A0A8-67A89EEF1306}.Debug|Any CPU.ActiveCfg = Debug|Any CPU
		{4939F8A0-D0E4-43F5-A0A8-67A89EEF1306}.Debug|Any CPU.Build.0 = Debug|Any CPU
		{4939F8A0-D0E4-43F5-A0A8-67A89EEF1306}.Release|Any CPU.ActiveCfg = Release|Any CPU
		{4939F8A0-D0E4-43F5-A0A8-67A89EEF1306}.Release|Any CPU.Build.0 = Release|Any CPU
	EndGlobalSection
	GlobalSection(SolutionProperties) = preSolution
		HideSolutionNode = FALSE
	EndGlobalSection
	GlobalSection(NestedProjects) = preSolution
		{1745D0B4-A59E-43F9-8088-FB67625512B9} = {18D77D45-D004-4EF1-86EE-0194720BE741}
		{CEE0387E-AC97-4DB3-B1B2-240BEE7B5E61} = {18D77D45-D004-4EF1-86EE-0194720BE741}
		{C20DEA69-F865-4FED-84A6-3576707D22D1} = {18D77D45-D004-4EF1-86EE-0194720BE741}
		{2DFDA115-2EE7-4F4D-BDC8-D8C4720D4299} = {9BA47E18-7F85-4F4F-8AB8-0FFD30984B4C}
		{057BE3FE-1B9F-44D2-8DA3-B6EFED826008} = {9BA47E18-7F85-4F4F-8AB8-0FFD30984B4C}
		{4939F8A0-D0E4-43F5-A0A8-67A89EEF1306} = {9BA47E18-7F85-4F4F-8AB8-0FFD30984B4C}
	EndGlobalSection
	GlobalSection(ExtensibilityGlobals) = postSolution
		SolutionGuid = {8F97B1C3-2A76-492C-9912-30E5A3230FF6}
	EndGlobalSection
EndGlobal
